
Microsoft Visual Studio Solution File, Format Version 11.00
# Visual Studio 2010
Project("{E24C65DC-7377-472B-9ABA-BC803B73C61A}") = "ExamLibrary Project", ".", "{267718D8-93A2-4A23-99CB-B62072EB5EE6}"
	ProjectSection(WebsiteProperties) = preProject
		TargetFrameworkMoniker = ".NETFramework,Version%3Dv4.0"
		Debug.AspNetCompiler.VirtualPath = "/ExamLibrary Project"
		Debug.AspNetCompiler.PhysicalPath = "..\ExamLibrary Project\"
		Debug.AspNetCompiler.TargetPath = "PrecompiledWeb\ExamLibrary Project\"
		Debug.AspNetCompiler.Updateable = "true"
		Debug.AspNetCompiler.ForceOverwrite = "true"
		Debug.AspNetCompiler.FixedNames = "false"
		Debug.AspNetCompiler.Debug = "True"
		Release.AspNetCompiler.VirtualPath = "/ExamLibrary Project"
		Release.AspNetCompiler.PhysicalPath = "..\ExamLibrary Project\"
		Release.AspNetCompiler.TargetPath = "PrecompiledWeb\ExamLibrary Project\"
		Release.AspNetCompiler.Updateable = "true"
		Release.AspNetCompiler.ForceOverwrite = "true"
		Release.AspNetCompiler.FixedNames = "false"
		Release.AspNetCompiler.Debug = "False"
		VWDPort = "51827"
	EndProjectSection
EndProject
Global
	GlobalSection(SolutionConfigurationPlatforms) = preSolution
		Debug|Any CPU = Debug|Any CPU
	EndGlobalSection
	GlobalSection(ProjectConfigurationPlatforms) = postSolution
		{267718D8-93A2-4A23-99CB-B62072EB5EE6}.Debug|Any CPU.ActiveCfg = Debug|Any CPU
		{267718D8-93A2-4A23-99CB-B62072EB5EE6}.Debug|Any CPU.Build.0 = Debug|Any CPU
	EndGlobalSection
	GlobalSection(SolutionProperties) = preSolution
		HideSolutionNode = FALSE
	EndGlobalSection
EndGlobal
